
Microsoft Visual Studio Solution File, Format Version 12.00
# Visual Studio 2012
Project("{FAE04EC0-301F-11D3-BF4B-00C04F79EFBC}") = "MorseCode.CsJs.Common", "MorseCode.CsJs.Common\MorseCode.CsJs.Common.csproj", "{B7FE8517-61CE-4115-B8D0-763C2181E388}"
EndProject
Project("{FAE04EC0-301F-11D3-BF4B-00C04F79EFBC}") = "MorseCode.CsJs.ViewModel", "MorseCode.CsJs.ViewModel\MorseCode.CsJs.ViewModel.csproj", "{0CA03489-8B13-4530-BA8F-970F84046E1D}"
EndProject
Project("{FAE04EC0-301F-11D3-BF4B-00C04F79EFBC}") = "MorseCode.CsJs.UI", "MorseCode.CsJs.UI\MorseCode.CsJs.UI.csproj", "{3CA80178-6DF1-4FE8-AA5A-63CEC55384EB}"
EndProject
Project("{2150E333-8FDC-42A3-9474-1A3956D46DE8}") = ".nuget", ".nuget", "{A77D37BB-91BD-49DF-A258-C90DE9272FDF}"
	ProjectSection(SolutionItems) = preProject
		.nuget\NuGet.Config = .nuget\NuGet.Config
		.nuget\NuGet.exe = .nuget\NuGet.exe
		.nuget\NuGet.targets = .nuget\NuGet.targets
	EndProjectSection
EndProject
Project("{2150E333-8FDC-42A3-9474-1A3956D46DE8}") = "Solution Items", "Solution Items", "{8672A7DE-C890-41D1-9CDB-9B5332AD4B2D}"
	ProjectSection(SolutionItems) = preProject
		MorseCode.snk = MorseCode.snk
	EndProjectSection
EndProject
Global
	GlobalSection(SolutionConfigurationPlatforms) = preSolution
		Debug|Any CPU = Debug|Any CPU
		Release|Any CPU = Release|Any CPU
	EndGlobalSection
	GlobalSection(ProjectConfigurationPlatforms) = postSolution
		{B7FE8517-61CE-4115-B8D0-763C2181E388}.Debug|Any CPU.ActiveCfg = Debug|Any CPU
		{B7FE8517-61CE-4115-B8D0-763C2181E388}.Debug|Any CPU.Build.0 = Debug|Any CPU
		{B7FE8517-61CE-4115-B8D0-763C2181E388}.Release|Any CPU.ActiveCfg = Release|Any CPU
		{B7FE8517-61CE-4115-B8D0-763C2181E388}.Release|Any CPU.Build.0 = Release|Any CPU
		{0CA03489-8B13-4530-BA8F-970F84046E1D}.Debug|Any CPU.ActiveCfg = Debug|Any CPU
		{0CA03489-8B13-4530-BA8F-970F84046E1D}.Debug|Any CPU.Build.0 = Debug|Any CPU
		{0CA03489-8B13-4530-BA8F-970F84046E1D}.Release|Any CPU.ActiveCfg = Release|Any CPU
		{0CA03489-8B13-4530-BA8F-970F84046E1D}.Release|Any CPU.Build.0 = Release|Any CPU
		{3CA80178-6DF1-4FE8-AA5A-63CEC55384EB}.Debug|Any CPU.ActiveCfg = Debug|Any CPU
		{3CA80178-6DF1-4FE8-AA5A-63CEC55384EB}.Debug|Any CPU.Build.0 = Debug|Any CPU
		{3CA80178-6DF1-4FE8-AA5A-63CEC55384EB}.Release|Any CPU.ActiveCfg = Release|Any CPU
		{3CA80178-6DF1-4FE8-AA5A-63CEC55384EB}.Release|Any CPU.Build.0 = Release|Any CPU
	EndGlobalSection
	GlobalSection(SolutionProperties) = preSolution
		HideSolutionNode = FALSE
	EndGlobalSection
EndGlobal
